
Microsoft Visual Studio Solution File, Format Version 12.00
# Visual Studio Version 17
VisualStudioVersion = 17.14.36915.13 d17.14
MinimumVisualStudioVersion = 10.0.40219.1
Project("{FAE04EC0-301F-11D3-BF4B-00C04F79EFBC}") = "Part3_POE", "Part3_POE.csproj", "{73604DF9-B206-43C5-9ADF-9D183501DFC0}"
EndProject
Project("{00D1A9C2-B5F0-4AF3-8072-F6C62B433612}") = "TaskChat", "..\TaskChat\TaskChat.sqlproj", "{148BAC54-AEA1-4561-B486-45CB331B7C30}"
EndProject
Global
	GlobalSection(SolutionConfigurationPlatforms) = preSolution
		Debug|Any CPU = Debug|Any CPU
		Release|Any CPU = Release|Any CPU
	EndGlobalSection
	GlobalSection(ProjectConfigurationPlatforms) = postSolution
		{73604DF9-B206-43C5-9ADF-9D183501DFC0}.Debug|Any CPU.ActiveCfg = Debug|Any CPU
		{73604DF9-B206-43C5-9ADF-9D183501DFC0}.Debug|Any CPU.Build.0 = Debug|Any CPU
		{73604DF9-B206-43C5-9ADF-9D183501DFC0}.Release|Any CPU.ActiveCfg = Release|Any CPU
		{73604DF9-B206-43C5-9ADF-9D183501DFC0}.Release|Any CPU.Build.0 = Release|Any CPU
		{148BAC54-AEA1-4561-B486-45CB331B7C30}.Debug|Any CPU.ActiveCfg = Debug|Any CPU
		{148BAC54-AEA1-4561-B486-45CB331B7C30}.Debug|Any CPU.Build.0 = Debug|Any CPU
		{148BAC54-AEA1-4561-B486-45CB331B7C30}.Debug|Any CPU.Deploy.0 = Debug|Any CPU
		{148BAC54-AEA1-4561-B486-45CB331B7C30}.Release|Any CPU.ActiveCfg = Release|Any CPU
		{148BAC54-AEA1-4561-B486-45CB331B7C30}.Release|Any CPU.Build.0 = Release|Any CPU
		{148BAC54-AEA1-4561-B486-45CB331B7C30}.Release|Any CPU.Deploy.0 = Release|Any CPU
	EndGlobalSection
	GlobalSection(SolutionProperties) = preSolution
		HideSolutionNode = FALSE
	EndGlobalSection
	GlobalSection(ExtensibilityGlobals) = postSolution
		SolutionGuid = {B4457D60-0CB9-45BC-A65B-4A1BF721BEDE}
	EndGlobalSection
EndGlobal
